
Microsoft Visual Studio Solution File, Format Version 12.00
# Visual Studio Version 17
VisualStudioVersion = 17.10.34928.147
MinimumVisualStudioVersion = 10.0.40219.1
Project("{2150E333-8FDC-42A3-9474-1A3956D46DE8}") = "Services", "Services", "{C0FC24B5-88E6-4194-9F27-AEA89044E21E}"
EndProject
Project("{2150E333-8FDC-42A3-9474-1A3956D46DE8}") = "Catalog", "Catalog", "{F2EBACDD-E1C5-452E-84A9-E38F8D1D55C5}"
EndProject
Project("{9A19103F-16F7-4668-BE54-9A1E7A4F7556}") = "Catalog.Api", "Services\Catalog\Catalog.Api\Catalog.Api.csproj", "{F2F31D16-3B27-41C1-BA4A-04E2B6943853}"
EndProject
Project("{2150E333-8FDC-42A3-9474-1A3956D46DE8}") = "BuildingBlocks", "BuildingBlocks", "{BC81BDC1-F8A4-4061-949C-41FBA31F5213}"
EndProject
Project("{9A19103F-16F7-4668-BE54-9A1E7A4F7556}") = "BuildingBlocks", "BuildingBlocks\BuildingBlocks\BuildingBlocks.csproj", "{A0C4E8AC-BD94-4BE4-ADFF-4D187E1FC5D9}"
EndProject
Project("{E53339B2-1760-4266-BCC7-CA923CBCF16C}") = "docker-compose", "docker-compose.dcproj", "{B512EA9A-DEDC-4743-A3C0-2306A1BE444B}"
EndProject
Project("{2150E333-8FDC-42A3-9474-1A3956D46DE8}") = "Basket", "Basket", "{D302E364-998C-434B-881E-8116F0332147}"
EndProject
Project("{9A19103F-16F7-4668-BE54-9A1E7A4F7556}") = "Basket.Api", "Services\Basket\Basket.Api\Basket.Api.csproj", "{2F1D9692-D522-4051-A5BF-03FCF11EFD77}"
EndProject
Project("{2150E333-8FDC-42A3-9474-1A3956D46DE8}") = "Discount", "Discount", "{BB84A296-615E-4508-9136-3830CFAAF4FC}"
EndProject
Project("{9A19103F-16F7-4668-BE54-9A1E7A4F7556}") = "Discount.Grpc", "Services\Discount\Discount.Grpc\Discount.Grpc.csproj", "{37CE2BEB-2C3B-44F5-8645-DCE92681CADA}"
EndProject
Project("{2150E333-8FDC-42A3-9474-1A3956D46DE8}") = "Order", "Order", "{B93CBB4A-95DB-46F8-B7F1-1A98C4FFF953}"
EndProject
Project("{9A19103F-16F7-4668-BE54-9A1E7A4F7556}") = "OrderStream.Api", "Services\Order\OrderStream.Api\OrderStream.Api.csproj", "{C605CCBF-EFE9-48E1-851C-4CE00FCD3115}"
EndProject
Project("{9A19103F-16F7-4668-BE54-9A1E7A4F7556}") = "OrderStream.Domain", "Services\Order\OrderStream.Domain\OrderStream.Domain.csproj", "{BD1E00D9-026E-4C34-9F75-8985C4CC6D6B}"
EndProject
Project("{9A19103F-16F7-4668-BE54-9A1E7A4F7556}") = "OrderStream.Application", "Services\Order\OrderStream.Application\OrderStream.Application.csproj", "{D458E7CE-86BD-4822-8E9F-2CDADBFC5FFF}"
EndProject
Project("{9A19103F-16F7-4668-BE54-9A1E7A4F7556}") = "OrderStream.Infrastructure", "Services\Order\OrderStream.Infrastructure\OrderStream.Infrastructure.csproj", "{A48930BE-D203-42EA-9746-5CD78686BA3F}"
EndProject
Project("{9A19103F-16F7-4668-BE54-9A1E7A4F7556}") = "BuildingBlocks.MessageBroker", "BuildingBlocks\BuildingBlocks.MessageBroker\BuildingBlocks.MessageBroker.csproj", "{1AFA3B84-4461-4B3A-9EED-3F78FC4DEF86}"
EndProject
Project("{2150E333-8FDC-42A3-9474-1A3956D46DE8}") = "ApiGateways", "ApiGateways", "{56EB702E-A3FA-41C8-919B-56209A752B31}"
EndProject
Project("{9A19103F-16F7-4668-BE54-9A1E7A4F7556}") = "YarpApiGateway", "ApiGateways\YarpApiGateway\YarpApiGateway.csproj", "{1E30CBBE-BFEE-4EFA-871C-D1E631D1D935}"
EndProject
Project("{2150E333-8FDC-42A3-9474-1A3956D46DE8}") = "Identity", "Identity", "{9331D359-4FB9-46A6-ACDC-4504F184704E}"
EndProject
Project("{FAE04EC0-301F-11D3-BF4B-00C04F79EFBC}") = "Identity.Api", "Identity\Identity.Api\Identity.Api.csproj", "{CA217328-BE62-485C-83B1-FF6615E350CA}"
EndProject
Global
	GlobalSection(SolutionConfigurationPlatforms) = preSolution
		Debug|Any CPU = Debug|Any CPU
		Release|Any CPU = Release|Any CPU
	EndGlobalSection
	GlobalSection(ProjectConfigurationPlatforms) = postSolution
		{F2F31D16-3B27-41C1-BA4A-04E2B6943853}.Debug|Any CPU.ActiveCfg = Debug|Any CPU
		{F2F31D16-3B27-41C1-BA4A-04E2B6943853}.Debug|Any CPU.Build.0 = Debug|Any CPU
		{F2F31D16-3B27-41C1-BA4A-04E2B6943853}.Release|Any CPU.ActiveCfg = Release|Any CPU
		{F2F31D16-3B27-41C1-BA4A-04E2B6943853}.Release|Any CPU.Build.0 = Release|Any CPU
		{A0C4E8AC-BD94-4BE4-ADFF-4D187E1FC5D9}.Debug|Any CPU.ActiveCfg = Debug|Any CPU
		{A0C4E8AC-BD94-4BE4-ADFF-4D187E1FC5D9}.Debug|Any CPU.Build.0 = Debug|Any CPU
		{A0C4E8AC-BD94-4BE4-ADFF-4D187E1FC5D9}.Release|Any CPU.ActiveCfg = Release|Any CPU
		{A0C4E8AC-BD94-4BE4-ADFF-4D187E1FC5D9}.Release|Any CPU.Build.0 = Release|Any CPU
		{B512EA9A-DEDC-4743-A3C0-2306A1BE444B}.Debug|Any CPU.ActiveCfg = Debug|Any CPU
		{B512EA9A-DEDC-4743-A3C0-2306A1BE444B}.Debug|Any CPU.Build.0 = Debug|Any CPU
		{B512EA9A-DEDC-4743-A3C0-2306A1BE444B}.Release|Any CPU.ActiveCfg = Release|Any CPU
		{B512EA9A-DEDC-4743-A3C0-2306A1BE444B}.Release|Any CPU.Build.0 = Release|Any CPU
		{2F1D9692-D522-4051-A5BF-03FCF11EFD77}.Debug|Any CPU.ActiveCfg = Debug|Any CPU
		{2F1D9692-D522-4051-A5BF-03FCF11EFD77}.Debug|Any CPU.Build.0 = Debug|Any CPU
		{2F1D9692-D522-4051-A5BF-03FCF11EFD77}.Release|Any CPU.ActiveCfg = Release|Any CPU
		{2F1D9692-D522-4051-A5BF-03FCF11EFD77}.Release|Any CPU.Build.0 = Release|Any CPU
		{37CE2BEB-2C3B-44F5-8645-DCE92681CADA}.Debug|Any CPU.ActiveCfg = Debug|Any CPU
		{37CE2BEB-2C3B-44F5-8645-DCE92681CADA}.Debug|Any CPU.Build.0 = Debug|Any CPU
		{37CE2BEB-2C3B-44F5-8645-DCE92681CADA}.Release|Any CPU.ActiveCfg = Release|Any CPU
		{37CE2BEB-2C3B-44F5-8645-DCE92681CADA}.Release|Any CPU.Build.0 = Release|Any CPU
		{C605CCBF-EFE9-48E1-851C-4CE00FCD3115}.Debug|Any CPU.ActiveCfg = Debug|Any CPU
		{C605CCBF-EFE9-48E1-851C-4CE00FCD3115}.Debug|Any CPU.Build.0 = Debug|Any CPU
		{C605CCBF-EFE9-48E1-851C-4CE00FCD3115}.Release|Any CPU.ActiveCfg = Release|Any CPU
		{C605CCBF-EFE9-48E1-851C-4CE00FCD3115}.Release|Any CPU.Build.0 = Release|Any CPU
		{BD1E00D9-026E-4C34-9F75-8985C4CC6D6B}.Debug|Any CPU.ActiveCfg = Debug|Any CPU
		{BD1E00D9-026E-4C34-9F75-8985C4CC6D6B}.Debug|Any CPU.Build.0 = Debug|Any CPU
		{BD1E00D9-026E-4C34-9F75-8985C4CC6D6B}.Release|Any CPU.ActiveCfg = Release|Any CPU
		{BD1E00D9-026E-4C34-9F75-8985C4CC6D6B}.Release|Any CPU.Build.0 = Release|Any CPU
		{D458E7CE-86BD-4822-8E9F-2CDADBFC5FFF}.Debug|Any CPU.ActiveCfg = Debug|Any CPU
		{D458E7CE-86BD-4822-8E9F-2CDADBFC5FFF}.Debug|Any CPU.Build.0 = Debug|Any CPU
		{D458E7CE-86BD-4822-8E9F-2CDADBFC5FFF}.Release|Any CPU.ActiveCfg = Release|Any CPU
		{D458E7CE-86BD-4822-8E9F-2CDADBFC5FFF}.Release|Any CPU.Build.0 = Release|Any CPU
		{A48930BE-D203-42EA-9746-5CD78686BA3F}.Debug|Any CPU.ActiveCfg = Debug|Any CPU
		{A48930BE-D203-42EA-9746-5CD78686BA3F}.Debug|Any CPU.Build.0 = Debug|Any CPU
		{A48930BE-D203-42EA-9746-5CD78686BA3F}.Release|Any CPU.ActiveCfg = Release|Any CPU
		{A48930BE-D203-42EA-9746-5CD78686BA3F}.Release|Any CPU.Build.0 = Release|Any CPU
		{1AFA3B84-4461-4B3A-9EED-3F78FC4DEF86}.Debug|Any CPU.ActiveCfg = Debug|Any CPU
		{1AFA3B84-4461-4B3A-9EED-3F78FC4DEF86}.Debug|Any CPU.Build.0 = Debug|Any CPU
		{1AFA3B84-4461-4B3A-9EED-3F78FC4DEF86}.Release|Any CPU.ActiveCfg = Release|Any CPU
		{1AFA3B84-4461-4B3A-9EED-3F78FC4DEF86}.Release|Any CPU.Build.0 = Release|Any CPU
		{1E30CBBE-BFEE-4EFA-871C-D1E631D1D935}.Debug|Any CPU.ActiveCfg = Debug|Any CPU
		{1E30CBBE-BFEE-4EFA-871C-D1E631D1D935}.Debug|Any CPU.Build.0 = Debug|Any CPU
		{1E30CBBE-BFEE-4EFA-871C-D1E631D1D935}.Release|Any CPU.ActiveCfg = Release|Any CPU
		{1E30CBBE-BFEE-4EFA-871C-D1E631D1D935}.Release|Any CPU.Build.0 = Release|Any CPU
		{CA217328-BE62-485C-83B1-FF6615E350CA}.Debug|Any CPU.ActiveCfg = Debug|Any CPU
		{CA217328-BE62-485C-83B1-FF6615E350CA}.Debug|Any CPU.Build.0 = Debug|Any CPU
		{CA217328-BE62-485C-83B1-FF6615E350CA}.Release|Any CPU.ActiveCfg = Release|Any CPU
		{CA217328-BE62-485C-83B1-FF6615E350CA}.Release|Any CPU.Build.0 = Release|Any CPU
	EndGlobalSection
	GlobalSection(SolutionProperties) = preSolution
		HideSolutionNode = FALSE
	EndGlobalSection
	GlobalSection(NestedProjects) = preSolution
		{F2EBACDD-E1C5-452E-84A9-E38F8D1D55C5} = {C0FC24B5-88E6-4194-9F27-AEA89044E21E}
		{F2F31D16-3B27-41C1-BA4A-04E2B6943853} = {F2EBACDD-E1C5-452E-84A9-E38F8D1D55C5}
		{A0C4E8AC-BD94-4BE4-ADFF-4D187E1FC5D9} = {BC81BDC1-F8A4-4061-949C-41FBA31F5213}
		{D302E364-998C-434B-881E-8116F0332147} = {C0FC24B5-88E6-4194-9F27-AEA89044E21E}
		{2F1D9692-D522-4051-A5BF-03FCF11EFD77} = {D302E364-998C-434B-881E-8116F0332147}
		{BB84A296-615E-4508-9136-3830CFAAF4FC} = {C0FC24B5-88E6-4194-9F27-AEA89044E21E}
		{37CE2BEB-2C3B-44F5-8645-DCE92681CADA} = {BB84A296-615E-4508-9136-3830CFAAF4FC}
		{B93CBB4A-95DB-46F8-B7F1-1A98C4FFF953} = {C0FC24B5-88E6-4194-9F27-AEA89044E21E}
		{C605CCBF-EFE9-48E1-851C-4CE00FCD3115} = {B93CBB4A-95DB-46F8-B7F1-1A98C4FFF953}
		{BD1E00D9-026E-4C34-9F75-8985C4CC6D6B} = {B93CBB4A-95DB-46F8-B7F1-1A98C4FFF953}
		{D458E7CE-86BD-4822-8E9F-2CDADBFC5FFF} = {B93CBB4A-95DB-46F8-B7F1-1A98C4FFF953}
		{A48930BE-D203-42EA-9746-5CD78686BA3F} = {B93CBB4A-95DB-46F8-B7F1-1A98C4FFF953}
		{1AFA3B84-4461-4B3A-9EED-3F78FC4DEF86} = {BC81BDC1-F8A4-4061-949C-41FBA31F5213}
		{1E30CBBE-BFEE-4EFA-871C-D1E631D1D935} = {56EB702E-A3FA-41C8-919B-56209A752B31}
		{CA217328-BE62-485C-83B1-FF6615E350CA} = {9331D359-4FB9-46A6-ACDC-4504F184704E}
	EndGlobalSection
	GlobalSection(ExtensibilityGlobals) = postSolution
		SolutionGuid = {F13303D2-6AE9-429B-8174-DFD81257A4C4}
	EndGlobalSection
EndGlobal
